// !$*UTF8*$!
{
	archiveVersion = 1;
	classes = {
	};
	objectVersion = 48;
	objects = {

/* Begin PBXBuildFile section */
		065BF4506A9BDD677096396E /* Pods_netronixgroup_testTests.framework in Frameworks */ = {isa = PBXBuildFile; fileRef = 292A9CECAAC71C2F49A9B631 /* Pods_netronixgroup_testTests.framework */; };
		F38A1C45585A19F2AE931FBA /* Pods_netronixgroup_test.framework in Frameworks */ = {isa = PBXBuildFile; fileRef = D52FB5A1B28B92E7DFCF0BC9 /* Pods_netronixgroup_test.framework */; };
		F823E3D0203E3CC500EE1991 /* APIManager.swift in Sources */ = {isa = PBXBuildFile; fileRef = F823E3CF203E3CC500EE1991 /* APIManager.swift */; };
		F8DA74E6203E28900001CF35 /* AppDelegate.swift in Sources */ = {isa = PBXBuildFile; fileRef = F8DA74E5203E28900001CF35 /* AppDelegate.swift */; };
		F8DA74E8203E28900001CF35 /* ViewController.swift in Sources */ = {isa = PBXBuildFile; fileRef = F8DA74E7203E28900001CF35 /* ViewController.swift */; };
		F8DA74EB203E28900001CF35 /* Main.storyboard in Resources */ = {isa = PBXBuildFile; fileRef = F8DA74E9203E28900001CF35 /* Main.storyboard */; };
		F8DA74ED203E28900001CF35 /* Assets.xcassets in Resources */ = {isa = PBXBuildFile; fileRef = F8DA74EC203E28900001CF35 /* Assets.xcassets */; };
		F8DA74F0203E28900001CF35 /* LaunchScreen.storyboard in Resources */ = {isa = PBXBuildFile; fileRef = F8DA74EE203E28900001CF35 /* LaunchScreen.storyboard */; };
		F8DA74FB203E28910001CF35 /* netronixgroup_testTests.swift in Sources */ = {isa = PBXBuildFile; fileRef = F8DA74FA203E28910001CF35 /* netronixgroup_testTests.swift */; };
		F8F864E4203E4327009E39B6 /* APIManager+Methods.swift in Sources */ = {isa = PBXBuildFile; fileRef = F8F864E3203E4327009E39B6 /* APIManager+Methods.swift */; };
/* End PBXBuildFile section */

/* Begin PBXContainerItemProxy section */
		F8DA74F7203E28910001CF35 /* PBXContainerItemProxy */ = {
			isa = PBXContainerItemProxy;
			containerPortal = F8DA74DA203E28900001CF35 /* Project object */;
			proxyType = 1;
			remoteGlobalIDString = F8DA74E1203E28900001CF35;
			remoteInfo = netronixgroup_test;
		};
/* End PBXContainerItemProxy section */

/* Begin PBXFileReference section */
		085F64577EFF07D0ADEEE643 /* Pods-netronixgroup_test.release.xcconfig */ = {isa = PBXFileReference; includeInIndex = 1; lastKnownFileType = text.xcconfig; name = "Pods-netronixgroup_test.release.xcconfig"; path = "Pods/Target Support Files/Pods-netronixgroup_test/Pods-netronixgroup_test.release.xcconfig"; sourceTree = "<group>"; };
		16D7F03D1D947A04BDE9A812 /* Pods-netronixgroup_testTests.release.xcconfig */ = {isa = PBXFileReference; includeInIndex = 1; lastKnownFileType = text.xcconfig; name = "Pods-netronixgroup_testTests.release.xcconfig"; path = "Pods/Target Support Files/Pods-netronixgroup_testTests/Pods-netronixgroup_testTests.release.xcconfig"; sourceTree = "<group>"; };
		292A9CECAAC71C2F49A9B631 /* Pods_netronixgroup_testTests.framework */ = {isa = PBXFileReference; explicitFileType = wrapper.framework; includeInIndex = 0; path = Pods_netronixgroup_testTests.framework; sourceTree = BUILT_PRODUCTS_DIR; };
		C681EE58BE48DDF28D941707 /* Pods-netronixgroup_test.debug.xcconfig */ = {isa = PBXFileReference; includeInIndex = 1; lastKnownFileType = text.xcconfig; name = "Pods-netronixgroup_test.debug.xcconfig"; path = "Pods/Target Support Files/Pods-netronixgroup_test/Pods-netronixgroup_test.debug.xcconfig"; sourceTree = "<group>"; };
		D1D9CD13899F5AF194AB601C /* Pods-netronixgroup_testTests.debug.xcconfig */ = {isa = PBXFileReference; includeInIndex = 1; lastKnownFileType = text.xcconfig; name = "Pods-netronixgroup_testTests.debug.xcconfig"; path = "Pods/Target Support Files/Pods-netronixgroup_testTests/Pods-netronixgroup_testTests.debug.xcconfig"; sourceTree = "<group>"; };
		D52FB5A1B28B92E7DFCF0BC9 /* Pods_netronixgroup_test.framework */ = {isa = PBXFileReference; explicitFileType = wrapper.framework; includeInIndex = 0; path = Pods_netronixgroup_test.framework; sourceTree = BUILT_PRODUCTS_DIR; };
		F823E3CF203E3CC500EE1991 /* APIManager.swift */ = {isa = PBXFileReference; lastKnownFileType = sourcecode.swift; path = APIManager.swift; sourceTree = "<group>"; };
		F89BF911203E3DC1006C443D /* Alamofire.framework */ = {isa = PBXFileReference; explicitFileType = wrapper.framework; path = Alamofire.framework; sourceTree = BUILT_PRODUCTS_DIR; };
		F89BF913203E3E2F006C443D /* Alamofire.framework */ = {isa = PBXFileReference; explicitFileType = wrapper.framework; path = Alamofire.framework; sourceTree = BUILT_PRODUCTS_DIR; };
		F8DA74E2203E28900001CF35 /* netronixgroup_test.app */ = {isa = PBXFileReference; explicitFileType = wrapper.application; includeInIndex = 0; path = netronixgroup_test.app; sourceTree = BUILT_PRODUCTS_DIR; };
		F8DA74E5203E28900001CF35 /* AppDelegate.swift */ = {isa = PBXFileReference; lastKnownFileType = sourcecode.swift; path = AppDelegate.swift; sourceTree = "<group>"; };
		F8DA74E7203E28900001CF35 /* ViewController.swift */ = {isa = PBXFileReference; lastKnownFileType = sourcecode.swift; path = ViewController.swift; sourceTree = "<group>"; };
		F8DA74EA203E28900001CF35 /* Base */ = {isa = PBXFileReference; lastKnownFileType = file.storyboard; name = Base; path = Base.lproj/Main.storyboard; sourceTree = "<group>"; };
		F8DA74EC203E28900001CF35 /* Assets.xcassets */ = {isa = PBXFileReference; lastKnownFileType = folder.assetcatalog; path = Assets.xcassets; sourceTree = "<group>"; };
		F8DA74EF203E28900001CF35 /* Base */ = {isa = PBXFileReference; lastKnownFileType = file.storyboard; name = Base; path = Base.lproj/LaunchScreen.storyboard; sourceTree = "<group>"; };
		F8DA74F1203E28900001CF35 /* Info.plist */ = {isa = PBXFileReference; lastKnownFileType = text.plist.xml; path = Info.plist; sourceTree = "<group>"; };
		F8DA74F6203E28910001CF35 /* netronixgroup_testTests.xctest */ = {isa = PBXFileReference; explicitFileType = wrapper.cfbundle; includeInIndex = 0; path = netronixgroup_testTests.xctest; sourceTree = BUILT_PRODUCTS_DIR; };
		F8DA74FA203E28910001CF35 /* netronixgroup_testTests.swift */ = {isa = PBXFileReference; lastKnownFileType = sourcecode.swift; path = netronixgroup_testTests.swift; sourceTree = "<group>"; };
		F8DA74FC203E28910001CF35 /* Info.plist */ = {isa = PBXFileReference; lastKnownFileType = text.plist.xml; path = Info.plist; sourceTree = "<group>"; };
		F8F864E3203E4327009E39B6 /* APIManager+Methods.swift */ = {isa = PBXFileReference; lastKnownFileType = sourcecode.swift; path = "APIManager+Methods.swift"; sourceTree = "<group>"; };
/* End PBXFileReference section */

/* Begin PBXFrameworksBuildPhase section */
		F8DA74DF203E28900001CF35 /* Frameworks */ = {
			isa = PBXFrameworksBuildPhase;
			buildActionMask = 2147483647;
			files = (
				F38A1C45585A19F2AE931FBA /* Pods_netronixgroup_test.framework in Frameworks */,
			);
			runOnlyForDeploymentPostprocessing = 0;
		};
		F8DA74F3203E28910001CF35 /* Frameworks */ = {
			isa = PBXFrameworksBuildPhase;
			buildActionMask = 2147483647;
			files = (
				065BF4506A9BDD677096396E /* Pods_netronixgroup_testTests.framework in Frameworks */,
			);
			runOnlyForDeploymentPostprocessing = 0;
		};
/* End PBXFrameworksBuildPhase section */

/* Begin PBXGroup section */
		92FB986D170A0832B6D706F3 /* Pods */ = {
			isa = PBXGroup;
			children = (
				C681EE58BE48DDF28D941707 /* Pods-netronixgroup_test.debug.xcconfig */,
				085F64577EFF07D0ADEEE643 /* Pods-netronixgroup_test.release.xcconfig */,
				D1D9CD13899F5AF194AB601C /* Pods-netronixgroup_testTests.debug.xcconfig */,
				16D7F03D1D947A04BDE9A812 /* Pods-netronixgroup_testTests.release.xcconfig */,
			);
			name = Pods;
			sourceTree = "<group>";
		};
		D270E17C95729181F8A3F680 /* Frameworks */ = {
			isa = PBXGroup;
			children = (
				F89BF913203E3E2F006C443D /* Alamofire.framework */,
				F89BF911203E3DC1006C443D /* Alamofire.framework */,
				D52FB5A1B28B92E7DFCF0BC9 /* Pods_netronixgroup_test.framework */,
				292A9CECAAC71C2F49A9B631 /* Pods_netronixgroup_testTests.framework */,
			);
			name = Frameworks;
			sourceTree = "<group>";
		};
		F8DA74D9203E28900001CF35 = {
			isa = PBXGroup;
			children = (
				F8DA74E4203E28900001CF35 /* netronixgroup_test */,
				F8DA74F9203E28910001CF35 /* netronixgroup_testTests */,
				F8DA74E3203E28900001CF35 /* Products */,
				92FB986D170A0832B6D706F3 /* Pods */,
				D270E17C95729181F8A3F680 /* Frameworks */,
			);
			sourceTree = "<group>";
		};
		F8DA74E3203E28900001CF35 /* Products */ = {
			isa = PBXGroup;
			children = (
				F8DA74E2203E28900001CF35 /* netronixgroup_test.app */,
				F8DA74F6203E28910001CF35 /* netronixgroup_testTests.xctest */,
			);
			name = Products;
			sourceTree = "<group>";
		};
		F8DA74E4203E28900001CF35 /* netronixgroup_test */ = {
			isa = PBXGroup;
			children = (
				F8DA74E5203E28900001CF35 /* AppDelegate.swift */,
				F8DA74E7203E28900001CF35 /* ViewController.swift */,
				F8DA74E9203E28900001CF35 /* Main.storyboard */,
				F8DA74EC203E28900001CF35 /* Assets.xcassets */,
				F8DA74EE203E28900001CF35 /* LaunchScreen.storyboard */,
				F8DA74F1203E28900001CF35 /* Info.plist */,
				F823E3CF203E3CC500EE1991 /* APIManager.swift */,
				F8F864E3203E4327009E39B6 /* APIManager+Methods.swift */,
			);
			path = netronixgroup_test;
			sourceTree = "<group>";
		};
		F8DA74F9203E28910001CF35 /* netronixgroup_testTests */ = {
			isa = PBXGroup;
			children = (
				F8DA74FA203E28910001CF35 /* netronixgroup_testTests.swift */,
				F8DA74FC203E28910001CF35 /* Info.plist */,
			);
			path = netronixgroup_testTests;
			sourceTree = "<group>";
		};
/* End PBXGroup section */

/* Begin PBXNativeTarget section */
		F8DA74E1203E28900001CF35 /* netronixgroup_test */ = {
			isa = PBXNativeTarget;
			buildConfigurationList = F8DA74FF203E28910001CF35 /* Build configuration list for PBXNativeTarget "netronixgroup_test" */;
			buildPhases = (
				97CB99BDBBE4435BD5F4B7B9 /* [CP] Check Pods Manifest.lock */,
				F8DA74DE203E28900001CF35 /* Sources */,
				F8DA74DF203E28900001CF35 /* Frameworks */,
				F8DA74E0203E28900001CF35 /* Resources */,
				CB9E469429C0016898FB4FDE /* [CP] Embed Pods Frameworks */,
				5EBF8A7F2449F3761ECEDDEE /* [CP] Copy Pods Resources */,
			);
			buildRules = (
			);
			dependencies = (
			);
			name = netronixgroup_test;
			productName = netronixgroup_test;
			productReference = F8DA74E2203E28900001CF35 /* netronixgroup_test.app */;
			productType = "com.apple.product-type.application";
		};
		F8DA74F5203E28910001CF35 /* netronixgroup_testTests */ = {
			isa = PBXNativeTarget;
			buildConfigurationList = F8DA7502203E28910001CF35 /* Build configuration list for PBXNativeTarget "netronixgroup_testTests" */;
			buildPhases = (
				56E57678CC280FE7D85C20D5 /* [CP] Check Pods Manifest.lock */,
				F8DA74F2203E28910001CF35 /* Sources */,
				F8DA74F3203E28910001CF35 /* Frameworks */,
				F8DA74F4203E28910001CF35 /* Resources */,
				2E656D66F01E851474A8C4A4 /* [CP] Embed Pods Frameworks */,
				60518790B06AC3B52AA85061 /* [CP] Copy Pods Resources */,
			);
			buildRules = (
			);
			dependencies = (
				F8DA74F8203E28910001CF35 /* PBXTargetDependency */,
			);
			name = netronixgroup_testTests;
			productName = netronixgroup_testTests;
			productReference = F8DA74F6203E28910001CF35 /* netronixgroup_testTests.xctest */;
			productType = "com.apple.product-type.bundle.unit-test";
		};
/* End PBXNativeTarget section */

/* Begin PBXProject section */
		F8DA74DA203E28900001CF35 /* Project object */ = {
			isa = PBXProject;
			attributes = {
				LastSwiftUpdateCheck = 0920;
				LastUpgradeCheck = 0920;
				ORGANIZATIONNAME = "Roman Resenchuk";
				TargetAttributes = {
					F8DA74E1203E28900001CF35 = {
						CreatedOnToolsVersion = 9.2;
						ProvisioningStyle = Automatic;
					};
					F8DA74F5203E28910001CF35 = {
						CreatedOnToolsVersion = 9.2;
						ProvisioningStyle = Automatic;
						TestTargetID = F8DA74E1203E28900001CF35;
					};
				};
			};
			buildConfigurationList = F8DA74DD203E28900001CF35 /* Build configuration list for PBXProject "netronixgroup_test" */;
			compatibilityVersion = "Xcode 8.0";
			developmentRegion = en;
			hasScannedForEncodings = 0;
			knownRegions = (
				en,
				Base,
			);
			mainGroup = F8DA74D9203E28900001CF35;
			productRefGroup = F8DA74E3203E28900001CF35 /* Products */;
			projectDirPath = "";
			projectRoot = "";
			targets = (
				F8DA74E1203E28900001CF35 /* netronixgroup_test */,
				F8DA74F5203E28910001CF35 /* netronixgroup_testTests */,
			);
		};
/* End PBXProject section */

/* Begin PBXResourcesBuildPhase section */
		F8DA74E0203E28900001CF35 /* Resources */ = {
			isa = PBXResourcesBuildPhase;
			buildActionMask = 2147483647;
			files = (
				F8DA74F0203E28900001CF35 /* LaunchScreen.storyboard in Resources */,
				F8DA74ED203E28900001CF35 /* Assets.xcassets in Resources */,
				F8DA74EB203E28900001CF35 /* Main.storyboard in Resources */,
			);
			runOnlyForDeploymentPostprocessing = 0;
		};
		F8DA74F4203E28910001CF35 /* Resources */ = {
			isa = PBXResourcesBuildPhase;
			buildActionMask = 2147483647;
			files = (
			);
			runOnlyForDeploymentPostprocessing = 0;
		};
/* End PBXResourcesBuildPhase section */

/* Begin PBXShellScriptBuildPhase section */
		2E656D66F01E851474A8C4A4 /* [CP] Embed Pods Frameworks */ = {
			isa = PBXShellScriptBuildPhase;
			buildActionMask = 2147483647;
			files = (
			);
			inputPaths = (
			);
			name = "[CP] Embed Pods Frameworks";
			outputPaths = (
			);
			runOnlyForDeploymentPostprocessing = 0;
			shellPath = /bin/sh;
			shellScript = "\"${SRCROOT}/Pods/Target Support Files/Pods-netronixgroup_testTests/Pods-netronixgroup_testTests-frameworks.sh\"\n";
			showEnvVarsInLog = 0;
		};
		56E57678CC280FE7D85C20D5 /* [CP] Check Pods Manifest.lock */ = {
			isa = PBXShellScriptBuildPhase;
			buildActionMask = 2147483647;
			files = (
			);
			inputPaths = (
			);
			name = "[CP] Check Pods Manifest.lock";
			outputPaths = (
			);
			runOnlyForDeploymentPostprocessing = 0;
			shellPath = /bin/sh;
			shellScript = "diff \"${PODS_ROOT}/../Podfile.lock\" \"${PODS_ROOT}/Manifest.lock\" > /dev/null\nif [ $? != 0 ] ; then\n    # print error to STDERR\n    echo \"error: The sandbox is not in sync with the Podfile.lock. Run 'pod install' or update your CocoaPods installation.\" >&2\n    exit 1\nfi\n";
			showEnvVarsInLog = 0;
		};
		5EBF8A7F2449F3761ECEDDEE /* [CP] Copy Pods Resources */ = {
			isa = PBXShellScriptBuildPhase;
			buildActionMask = 2147483647;
			files = (
			);
			inputPaths = (
			);
			name = "[CP] Copy Pods Resources";
			outputPaths = (
			);
			runOnlyForDeploymentPostprocessing = 0;
			shellPath = /bin/sh;
			shellScript = "\"${SRCROOT}/Pods/Target Support Files/Pods-netronixgroup_test/Pods-netronixgroup_test-resources.sh\"\n";
			showEnvVarsInLog = 0;
		};
		60518790B06AC3B52AA85061 /* [CP] Copy Pods Resources */ = {
			isa = PBXShellScriptBuildPhase;
			buildActionMask = 2147483647;
			files = (
			);
			inputPaths = (
			);
			name = "[CP] Copy Pods Resources";
			outputPaths = (
			);
			runOnlyForDeploymentPostprocessing = 0;
			shellPath = /bin/sh;
			shellScript = "\"${SRCROOT}/Pods/Target Support Files/Pods-netronixgroup_testTests/Pods-netronixgroup_testTests-resources.sh\"\n";
			showEnvVarsInLog = 0;
		};
		97CB99BDBBE4435BD5F4B7B9 /* [CP] Check Pods Manifest.lock */ = {
			isa = PBXShellScriptBuildPhase;
			buildActionMask = 2147483647;
			files = (
			);
			inputPaths = (
			);
			name = "[CP] Check Pods Manifest.lock";
			outputPaths = (
			);
			runOnlyForDeploymentPostprocessing = 0;
			shellPath = /bin/sh;
			shellScript = "diff \"${PODS_ROOT}/../Podfile.lock\" \"${PODS_ROOT}/Manifest.lock\" > /dev/null\nif [ $? != 0 ] ; then\n    # print error to STDERR\n    echo \"error: The sandbox is not in sync with the Podfile.lock. Run 'pod install' or update your CocoaPods installation.\" >&2\n    exit 1\nfi\n";
			showEnvVarsInLog = 0;
		};
		CB9E469429C0016898FB4FDE /* [CP] Embed Pods Frameworks */ = {
			isa = PBXShellScriptBuildPhase;
			buildActionMask = 2147483647;
			files = (
			);
			inputPaths = (
			);
			name = "[CP] Embed Pods Frameworks";
			outputPaths = (
			);
			runOnlyForDeploymentPostprocessing = 0;
			shellPath = /bin/sh;
			shellScript = "\"${SRCROOT}/Pods/Target Support Files/Pods-netronixgroup_test/Pods-netronixgroup_test-frameworks.sh\"\n";
			showEnvVarsInLog = 0;
		};
/* End PBXShellScriptBuildPhase section */

/* Begin PBXSourcesBuildPhase section */
		F8DA74DE203E28900001CF35 /* Sources */ = {
			isa = PBXSourcesBuildPhase;
			buildActionMask = 2147483647;
			files = (
				F823E3D0203E3CC500EE1991 /* APIManager.swift in Sources */,
				F8DA74E8203E28900001CF35 /* ViewController.swift in Sources */,
				F8DA74E6203E28900001CF35 /* AppDelegate.swift in Sources */,
				F8F864E4203E4327009E39B6 /* APIManager+Methods.swift in Sources */,
			);
			runOnlyForDeploymentPostprocessing = 0;
		};
		F8DA74F2203E28910001CF35 /* Sources */ = {
			isa = PBXSourcesBuildPhase;
			buildActionMask = 2147483647;
			files = (
				F8DA74FB203E28910001CF35 /* netronixgroup_testTests.swift in Sources */,
			);
			runOnlyForDeploymentPostprocessing = 0;
		};
/* End PBXSourcesBuildPhase section */

/* Begin PBXTargetDependency section */
		F8DA74F8203E28910001CF35 /* PBXTargetDependency */ = {
			isa = PBXTargetDependency;
			target = F8DA74E1203E28900001CF35 /* netronixgroup_test */;
			targetProxy = F8DA74F7203E28910001CF35 /* PBXContainerItemProxy */;
		};
/* End PBXTargetDependency section */

/* Begin PBXVariantGroup section */
		F8DA74E9203E28900001CF35 /* Main.storyboard */ = {
			isa = PBXVariantGroup;
			children = (
				F8DA74EA203E28900001CF35 /* Base */,
			);
			name = Main.storyboard;
			sourceTree = "<group>";
		};
		F8DA74EE203E28900001CF35 /* LaunchScreen.storyboard */ = {
			isa = PBXVariantGroup;
			children = (
				F8DA74EF203E28900001CF35 /* Base */,
			);
			name = LaunchScreen.storyboard;
			sourceTree = "<group>";
		};
/* End PBXVariantGroup section */

/* Begin XCBuildConfiguration section */
		F8DA74FD203E28910001CF35 /* Debug */ = {
			isa = XCBuildConfiguration;
			buildSettings = {
				ALWAYS_SEARCH_USER_PATHS = NO;
				CLANG_ANALYZER_NONNULL = YES;
				CLANG_ANALYZER_NUMBER_OBJECT_CONVERSION = YES_AGGRESSIVE;
				CLANG_CXX_LANGUAGE_STANDARD = "gnu++14";
				CLANG_CXX_LIBRARY = "libc++";
				CLANG_ENABLE_MODULES = YES;
				CLANG_ENABLE_OBJC_ARC = YES;
				CLANG_WARN_BLOCK_CAPTURE_AUTORELEASING = YES;
				CLANG_WARN_BOOL_CONVERSION = YES;
				CLANG_WARN_COMMA = YES;
				CLANG_WARN_CONSTANT_CONVERSION = YES;
				CLANG_WARN_DIRECT_OBJC_ISA_USAGE = YES_ERROR;
				CLANG_WARN_DOCUMENTATION_COMMENTS = YES;
				CLANG_WARN_EMPTY_BODY = YES;
				CLANG_WARN_ENUM_CONVERSION = YES;
				CLANG_WARN_INFINITE_RECURSION = YES;
				CLANG_WARN_INT_CONVERSION = YES;
				CLANG_WARN_NON_LITERAL_NULL_CONVERSION = YES;
				CLANG_WARN_OBJC_LITERAL_CONVERSION = YES;
				CLANG_WARN_OBJC_ROOT_CLASS = YES_ERROR;
				CLANG_WARN_RANGE_LOOP_ANALYSIS = YES;
				CLANG_WARN_STRICT_PROTOTYPES = YES;
				CLANG_WARN_SUSPICIOUS_MOVE = YES;
				CLANG_WARN_UNGUARDED_AVAILABILITY = YES_AGGRESSIVE;
				CLANG_WARN_UNREACHABLE_CODE = YES;
				CLANG_WARN__DUPLICATE_METHOD_MATCH = YES;
				CODE_SIGN_IDENTITY = "iPhone Developer";
				COPY_PHASE_STRIP = NO;
				DEBUG_INFORMATION_FORMAT = dwarf;
				ENABLE_STRICT_OBJC_MSGSEND = YES;
				ENABLE_TESTABILITY = YES;
				GCC_C_LANGUAGE_STANDARD = gnu11;
				GCC_DYNAMIC_NO_PIC = NO;
				GCC_NO_COMMON_BLOCKS = YES;
				GCC_OPTIMIZATION_LEVEL = 0;
				GCC_PREPROCESSOR_DEFINITIONS = (
					"DEBUG=1",
					"$(inherited)",
				);
				GCC_WARN_64_TO_32_BIT_CONVERSION = YES;
				GCC_WARN_ABOUT_RETURN_TYPE = YES_ERROR;
				GCC_WARN_UNDECLARED_SELECTOR = YES;
				GCC_WARN_UNINITIALIZED_AUTOS = YES_AGGRESSIVE;
				GCC_WARN_UNUSED_FUNCTION = YES;
				GCC_WARN_UNUSED_VARIABLE = YES;
				IPHONEOS_DEPLOYMENT_TARGET = 11.2;
				MTL_ENABLE_DEBUG_INFO = YES;
				ONLY_ACTIVE_ARCH = YES;
				SDKROOT = iphoneos;
				SWIFT_ACTIVE_COMPILATION_CONDITIONS = DEBUG;
				SWIFT_OPTIMIZATION_LEVEL = "-Onone";
			};
			name = Debug;
		};
		F8DA74FE203E28910001CF35 /* Release */ = {
			isa = XCBuildConfiguration;
			buildSettings = {
				ALWAYS_SEARCH_USER_PATHS = NO;
				CLANG_ANALYZER_NONNULL = YES;
				CLANG_ANALYZER_NUMBER_OBJECT_CONVERSION = YES_AGGRESSIVE;
				CLANG_CXX_LANGUAGE_STANDARD = "gnu++14";
				CLANG_CXX_LIBRARY = "libc++";
				CLANG_ENABLE_MODULES = YES;
				CLANG_ENABLE_OBJC_ARC = YES;
				CLANG_WARN_BLOCK_CAPTURE_AUTORELEASING = YES;
				CLANG_WARN_BOOL_CONVERSION = YES;
				CLANG_WARN_COMMA = YES;
				CLANG_WARN_CONSTANT_CONVERSION = YES;
				CLANG_WARN_DIRECT_OBJC_ISA_USAGE = YES_ERROR;
				CLANG_WARN_DOCUMENTATION_COMMENTS = YES;
				CLANG_WARN_EMPTY_BODY = YES;
				CLANG_WARN_ENUM_CONVERSION = YES;
				CLANG_WARN_INFINITE_RECURSION = YES;
				CLANG_WARN_INT_CONVERSION = YES;
				CLANG_WARN_NON_LITERAL_NULL_CONVERSION = YES;
				CLANG_WARN_OBJC_LITERAL_CONVERSION = YES;
				CLANG_WARN_OBJC_ROOT_CLASS = YES_ERROR;
				CLANG_WARN_RANGE_LOOP_ANALYSIS = YES;
				CLANG_WARN_STRICT_PROTOTYPES = YES;
				CLANG_WARN_SUSPICIOUS_MOVE = YES;
				CLANG_WARN_UNGUARDED_AVAILABILITY = YES_AGGRESSIVE;
				CLANG_WARN_UNREACHABLE_CODE = YES;
				CLANG_WARN__DUPLICATE_METHOD_MATCH = YES;
				CODE_SIGN_IDENTITY = "iPhone Developer";
				COPY_PHASE_STRIP = NO;
				DEBUG_INFORMATION_FORMAT = "dwarf-with-dsym";
				ENABLE_NS_ASSERTIONS = NO;
				ENABLE_STRICT_OBJC_MSGSEND = YES;
				GCC_C_LANGUAGE_STANDARD = gnu11;
				GCC_NO_COMMON_BLOCKS = YES;
				GCC_WARN_64_TO_32_BIT_CONVERSION = YES;
				GCC_WARN_ABOUT_RETURN_TYPE = YES_ERROR;
				GCC_WARN_UNDECLARED_SELECTOR = YES;
				GCC_WARN_UNINITIALIZED_AUTOS = YES_AGGRESSIVE;
				GCC_WARN_UNUSED_FUNCTION = YES;
				GCC_WARN_UNUSED_VARIABLE = YES;
				IPHONEOS_DEPLOYMENT_TARGET = 11.2;
				MTL_ENABLE_DEBUG_INFO = NO;
				SDKROOT = iphoneos;
				SWIFT_OPTIMIZATION_LEVEL = "-Owholemodule";
				VALIDATE_PRODUCT = YES;
			};
			name = Release;
		};
		F8DA7500203E28910001CF35 /* Debug */ = {
			isa = XCBuildConfiguration;
			baseConfigurationReference = C681EE58BE48DDF28D941707 /* Pods-netronixgroup_test.debug.xcconfig */;
			buildSettings = {
				ASSETCATALOG_COMPILER_APPICON_NAME = AppIcon;
				CODE_SIGN_STYLE = Automatic;
				DEVELOPMENT_TEAM = BPE3YE97TU;
				INFOPLIST_FILE = netronixgroup_test/Info.plist;
				IPHONEOS_DEPLOYMENT_TARGET = 10.0;
				LD_RUNPATH_SEARCH_PATHS = "$(inherited) @executable_path/Frameworks";
				PRODUCT_BUNDLE_IDENTIFIER = "romacv.netronixgroup-test";
				PRODUCT_NAME = "$(TARGET_NAME)";
				SWIFT_VERSION = 4.0;
				TARGETED_DEVICE_FAMILY = "1,2";
			};
			name = Debug;
		};
		F8DA7501203E28910001CF35 /* Release */ = {
			isa = XCBuildConfiguration;
			baseConfigurationReference = 085F64577EFF07D0ADEEE643 /* Pods-netronixgroup_test.release.xcconfig */;
			buildSettings = {
				ASSETCATALOG_COMPILER_APPICON_NAME = AppIcon;
				CODE_SIGN_STYLE = Automatic;
				DEVELOPMENT_TEAM = BPE3YE97TU;
				INFOPLIST_FILE = netronixgroup_test/Info.plist;
				IPHONEOS_DEPLOYMENT_TARGET = 10.0;
				LD_RUNPATH_SEARCH_PATHS = "$(inherited) @executable_path/Frameworks";
				PRODUCT_BUNDLE_IDENTIFIER = "romacv.netronixgroup-test";
				PRODUCT_NAME = "$(TARGET_NAME)";
				SWIFT_VERSION = 4.0;
				TARGETED_DEVICE_FAMILY = "1,2";
			};
			name = Release;
		};
		F8DA7503203E28910001CF35 /* Debug */ = {
			isa = XCBuildConfiguration;
			baseConfigurationReference = D1D9CD13899F5AF194AB601C /* Pods-netronixgroup_testTests.debug.xcconfig */;
			buildSettings = {
				ALWAYS_EMBED_SWIFT_STANDARD_LIBRARIES = YES;
				BUNDLE_LOADER = "$(TEST_HOST)";
				CODE_SIGN_STYLE = Automatic;
				DEVELOPMENT_TEAM = BPE3YE97TU;
				INFOPLIST_FILE = netronixgroup_testTests/Info.plist;
				LD_RUNPATH_SEARCH_PATHS = "$(inherited) @executable_path/Frameworks @loader_path/Frameworks";
				PRODUCT_BUNDLE_IDENTIFIER = "romacv.netronixgroup-testTests";
				PRODUCT_NAME = "$(TARGET_NAME)";
				SWIFT_VERSION = 4.0;
				TARGETED_DEVICE_FAMILY = "1,2";
				TEST_HOST = "$(BUILT_PRODUCTS_DIR)/netronixgroup_test.app/netronixgroup_test";
			};
			name = Debug;
		};
		F8DA7504203E28910001CF35 /* Release */ = {
			isa = XCBuildConfiguration;
			baseConfigurationReference = 16D7F03D1D947A04BDE9A812 /* Pods-netronixgroup_testTests.release.xcconfig */;
			buildSettings = {
				ALWAYS_EMBED_SWIFT_STANDARD_LIBRARIES = YES;
				BUNDLE_LOADER = "$(TEST_HOST)";
				CODE_SIGN_STYLE = Automatic;
				DEVELOPMENT_TEAM = BPE3YE97TU;
				INFOPLIST_FILE = netronixgroup_testTests/Info.plist;
				LD_RUNPATH_SEARCH_PATHS = "$(inherited) @executable_path/Frameworks @loader_path/Frameworks";
				PRODUCT_BUNDLE_IDENTIFIER = "romacv.netronixgroup-testTests";
				PRODUCT_NAME = "$(TARGET_NAME)";
				SWIFT_VERSION = 4.0;
				TARGETED_DEVICE_FAMILY = "1,2";
				TEST_HOST = "$(BUILT_PRODUCTS_DIR)/netronixgroup_test.app/netronixgroup_test";
			};
			name = Release;
		};
/* End XCBuildConfiguration section */

/* Begin XCConfigurationList section */
		F8DA74DD203E28900001CF35 /* Build configuration list for PBXProject "netronixgroup_test" */ = {
			isa = XCConfigurationList;
			buildConfigurations = (
				F8DA74FD203E28910001CF35 /* Debug */,
				F8DA74FE203E28910001CF35 /* Release */,
			);
			defaultConfigurationIsVisible = 0;
			defaultConfigurationName = Release;
		};
		F8DA74FF203E28910001CF35 /* Build configuration list for PBXNativeTarget "netronixgroup_test" */ = {
			isa = XCConfigurationList;
			buildConfigurations = (
				F8DA7500203E28910001CF35 /* Debug */,
				F8DA7501203E28910001CF35 /* Release */,
			);
			defaultConfigurationIsVisible = 0;
			defaultConfigurationName = Release;
		};
		F8DA7502203E28910001CF35 /* Build configuration list for PBXNativeTarget "netronixgroup_testTests" */ = {
			isa = XCConfigurationList;
			buildConfigurations = (
				F8DA7503203E28910001CF35 /* Debug */,
				F8DA7504203E28910001CF35 /* Release */,
			);
			defaultConfigurationIsVisible = 0;
			defaultConfigurationName = Release;
		};
/* End XCConfigurationList section */
	};
	rootObject = F8DA74DA203E28900001CF35 /* Project object */;
}
